github.com/golang-jwt/jwt/v4 v4.4.1 h1:pC5DB52sCeK48Wlb9oPcdhnjkz1TKt1D/P7WKJ0kUcQ=
github.com/golang-jwt/jwt/v4 v4.4.1/go.mod h1:m21LjoU+eqJr34lmDMbreY2eSTRJ1cv77w39/MY0Ch0=
github.com/google/uuid v1.3.0 h1:t6JiXgmwXMjEs8VusXIJk2BXHsn+wx8BZdTaoZ5fu7I=
github.com/google/uuid v1.3.0/go.mod h1:TIyPZe4MgqvfeYDBFedMoGGpEw/LqOeaOT+nhxU+yHo=
github.com/halliday/go-errors v0.0.0-20220713083132-31a287bba49c h1:a+1qWRKc/BKdTdT5T9fT7ooyKRudK5pDk4Pw/2IVXPc=
github.com/halliday/go-errors v0.0.0-20220713083132-31a287bba49c/go.mod h1:Y4T0LILKpT2p/mWVIFvbLR06QEiv3KA2yfVtOMyTCNc=
github.com/halliday/go-errors v0.0.0-20220929094431-9c025f4ebe45 h1:Hm68rut74PSBLAiGJdhh0usOMSU70r+BN8aE2yyh9gM=
github.com/halliday/go-errors v0.0.0-20220929094431-9c025f4ebe45/go.mod h1:Y4T0LILKpT2p/mWVIFvbLR06QEiv3KA2yfVtOMyTCNc=
github.com/halliday/go-module v0.0.0-20220713091551-ff63f67e31dc h1:LBSbNdtcLCbUL4cPhxqyONm8iGa5Ji5AWzXoWyQAv/8=
github.com/halliday/go-module v0.0.0-20220713091551-ff63f67e31dc/go.mod h1:clQWf+zSfJyn8XB/JSQ9q07SHb7Yrt5P3OO/5VI3Fxk=
github.com/halliday/go-module v0.0.0-20220929094355-c26133bcf695 h1:55CryhLYosUqsh2pqb5f6intSf3i/+N/ZkV5RdzBZ2A=
github.com/halliday/go-module v0.0.0-20220929094355-c26133bcf695/go.mod h1:clQWf+zSfJyn8XB/JSQ9q07SHb7Yrt5P3OO/5VI3Fxk=
github.com/halliday/go-router v0.0.0-20220713092306-5ee672c884d9 h1:dekpnTW1XJI8qweQ43qdcEdRdqC4KYwQ1mZhnDxWCCc=
github.com/halliday/go-router v0.0.0-20220713092306-5ee672c884d9/go.mod h1:2SqNckYmGYeJ8ZLCSY5ZQgdBCXde4VzetGcFT1Yfa2w=
github.com/halliday/go-rpc v0.0.0-20220713092510-806c8caa56d4 h1:yEvhO3h6rW/RctKDPNRxZWCiQigUOR9vWltlAPzvK2s=
github.com/halliday/go-rpc v0.0.0-20220713092510-806c8caa56d4/go.mod h1:BNpqVxU0AKY1bFnXwqZ4/4IWlR+ofUpWx5+NGg0Dppo=
github.com/halliday/go-tools v0.0.0-20220713091444-ab87f65f61a8 h1:EBikEaGCFkEpHPWyih0fjTM6CG9MtIR/Gp9lT4QB1+4=
github.com/halliday/go-tools v0.0.0-20220713091444-ab87f65f61a8/go.mod h1:7HUWMK5H2sZyiVyV1iGIVodReuCGUvZJxm5m4jnDWBk=
github.com/halliday/go-tools v0.0.0-20220929094613-ab9bddda4bf1 h1:pS3C/qohy58EvFqz/EiP6wWqpPWzyVrWv9D8safff50=
github.com/halliday/go-tools v0.0.0-20220929094613-ab9bddda4bf1/go.mod h1:RjyKPgS+z3d/OZZBHWPkmNRxJor1lq3+J8KNBNZXBP8=
github.com/halliday/go-values v0.0.0-20220713091853-ca69253824a7 h1:rpGx6KE9VM6ZZ/5PoTFYcB1RkW0z3mD/9HbHkD7pAUw=
github.com/halliday/go-values v0.0.0-20220713091853-ca69253824a7/go.mod h1:YYFmKNzdHD6a5btUI+lE21c2oVcP8iIU++OpkHzJDYw=
